// !$*UTF8*$!
{
	archiveVersion = 1;
	classes = {
	};
	objectVersion = 46;
	objects = {

/* Begin PBXBuildFile section */
		675760611EE7996000ABE50A /* leftImage.jpg in Resources */ = {isa = PBXBuildFile; fileRef = 675760601EE7996000ABE50A /* leftImage.jpg */; };
		675760631EE7A6C800ABE50A /* 菜单@3x.png in Resources */ = {isa = PBXBuildFile; fileRef = 675760621EE7A6C800ABE50A /* 菜单@3x.png */; };
		675760651EE7A84100ABE50A /* mainImage.jpg in Resources */ = {isa = PBXBuildFile; fileRef = 675760641EE7A84100ABE50A /* mainImage.jpg */; };
		675BC86F1EE64C1A007BAD4D /* main.m in Sources */ = {isa = PBXBuildFile; fileRef = 675BC86E1EE64C1A007BAD4D /* main.m */; };
		675BC8721EE64C1A007BAD4D /* AppDelegate.m in Sources */ = {isa = PBXBuildFile; fileRef = 675BC8711EE64C1A007BAD4D /* AppDelegate.m */; };
		675BC87A1EE64C1A007BAD4D /* Assets.xcassets in Resources */ = {isa = PBXBuildFile; fileRef = 675BC8791EE64C1A007BAD4D /* Assets.xcassets */; };
		675BC87D1EE64C1A007BAD4D /* LaunchScreen.storyboard in Resources */ = {isa = PBXBuildFile; fileRef = 675BC87B1EE64C1A007BAD4D /* LaunchScreen.storyboard */; };
		675BC8871EE64C82007BAD4D /* CKLeftSlideViewController.m in Sources */ = {isa = PBXBuildFile; fileRef = 675BC8861EE64C82007BAD4D /* CKLeftSlideViewController.m */; };
		675BC88A1EE64F0E007BAD4D /* MainViewController.m in Sources */ = {isa = PBXBuildFile; fileRef = 675BC8891EE64F0E007BAD4D /* MainViewController.m */; };
		675BC8901EE6A9C6007BAD4D /* NextViewController.m in Sources */ = {isa = PBXBuildFile; fileRef = 675BC88F1EE6A9C6007BAD4D /* NextViewController.m */; };
		675BC8961EE6AEE2007BAD4D /* LeftViewController.m in Sources */ = {isa = PBXBuildFile; fileRef = 675BC8941EE6AEE2007BAD4D /* LeftViewController.m */; };
/* End PBXBuildFile section */

/* Begin PBXFileReference section */
		675760601EE7996000ABE50A /* leftImage.jpg */ = {isa = PBXFileReference; lastKnownFileType = image.jpeg; path = leftImage.jpg; sourceTree = "<group>"; };
		675760621EE7A6C800ABE50A /* 菜单@3x.png */ = {isa = PBXFileReference; lastKnownFileType = image.png; path = "菜单@3x.png"; sourceTree = "<group>"; };
		675760641EE7A84100ABE50A /* mainImage.jpg */ = {isa = PBXFileReference; lastKnownFileType = image.jpeg; path = mainImage.jpg; sourceTree = "<group>"; };
		675BC86A1EE64C1A007BAD4D /* CKLeftSlideDemo.app */ = {isa = PBXFileReference; explicitFileType = wrapper.application; includeInIndex = 0; path = CKLeftSlideDemo.app; sourceTree = BUILT_PRODUCTS_DIR; };
		675BC86E1EE64C1A007BAD4D /* main.m */ = {isa = PBXFileReference; lastKnownFileType = sourcecode.c.objc; path = main.m; sourceTree = "<group>"; };
		675BC8701EE64C1A007BAD4D /* AppDelegate.h */ = {isa = PBXFileReference; lastKnownFileType = sourcecode.c.h; path = AppDelegate.h; sourceTree = "<group>"; };
		675BC8711EE64C1A007BAD4D /* AppDelegate.m */ = {isa = PBXFileReference; lastKnownFileType = sourcecode.c.objc; path = AppDelegate.m; sourceTree = "<group>"; };
		675BC8791EE64C1A007BAD4D /* Assets.xcassets */ = {isa = PBXFileReference; lastKnownFileType = folder.assetcatalog; path = Assets.xcassets; sourceTree = "<group>"; };
		675BC87C1EE64C1A007BAD4D /* Base */ = {isa = PBXFileReference; lastKnownFileType = file.storyboard; name = Base; path = Base.lproj/LaunchScreen.storyboard; sourceTree = "<group>"; };
		675BC87E1EE64C1A007BAD4D /* Info.plist */ = {isa = PBXFileReference; lastKnownFileType = text.plist.xml; path = Info.plist; sourceTree = "<group>"; };
		675BC8851EE64C82007BAD4D /* CKLeftSlideViewController.h */ = {isa = PBXFileReference; fileEncoding = 4; lastKnownFileType = sourcecode.c.h; path = CKLeftSlideViewController.h; sourceTree = "<group>"; };
		675BC8861EE64C82007BAD4D /* CKLeftSlideViewController.m */ = {isa = PBXFileReference; fileEncoding = 4; lastKnownFileType = sourcecode.c.objc; path = CKLeftSlideViewController.m; sourceTree = "<group>"; };
		675BC8881EE64F0E007BAD4D /* MainViewController.h */ = {isa = PBXFileReference; fileEncoding = 4; lastKnownFileType = sourcecode.c.h; path = MainViewController.h; sourceTree = "<group>"; };
		675BC8891EE64F0E007BAD4D /* MainViewController.m */ = {isa = PBXFileReference; fileEncoding = 4; lastKnownFileType = sourcecode.c.objc; path = MainViewController.m; sourceTree = "<group>"; };
		675BC88E1EE6A9C6007BAD4D /* NextViewController.h */ = {isa = PBXFileReference; fileEncoding = 4; lastKnownFileType = sourcecode.c.h; path = NextViewController.h; sourceTree = "<group>"; };
		675BC88F1EE6A9C6007BAD4D /* NextViewController.m */ = {isa = PBXFileReference; fileEncoding = 4; lastKnownFileType = sourcecode.c.objc; path = NextViewController.m; sourceTree = "<group>"; };
		675BC8931EE6AEE2007BAD4D /* LeftViewController.h */ = {isa = PBXFileReference; fileEncoding = 4; lastKnownFileType = sourcecode.c.h; path = LeftViewController.h; sourceTree = "<group>"; };
		675BC8941EE6AEE2007BAD4D /* LeftViewController.m */ = {isa = PBXFileReference; fileEncoding = 4; lastKnownFileType = sourcecode.c.objc; path = LeftViewController.m; sourceTree = "<group>"; };
/* End PBXFileReference section */

/* Begin PBXFrameworksBuildPhase section */
		675BC8671EE64C1A007BAD4D /* Frameworks */ = {
			isa = PBXFrameworksBuildPhase;
			buildActionMask = 2147483647;
			files = (
			);
			runOnlyForDeploymentPostprocessing = 0;
		};
/* End PBXFrameworksBuildPhase section */

/* Begin PBXGroup section */
		675BC8611EE64C1A007BAD4D = {
			isa = PBXGroup;
			children = (
				675BC86C1EE64C1A007BAD4D /* CKLeftSlideDemo */,
				675BC86B1EE64C1A007BAD4D /* Products */,
			);
			sourceTree = "<group>";
		};
		675BC86B1EE64C1A007BAD4D /* Products */ = {
			isa = PBXGroup;
			children = (
				675BC86A1EE64C1A007BAD4D /* CKLeftSlideDemo.app */,
			);
			name = Products;
			sourceTree = "<group>";
		};
		675BC86C1EE64C1A007BAD4D /* CKLeftSlideDemo */ = {
			isa = PBXGroup;
			children = (
				675BC8841EE64C3B007BAD4D /* CKLeftSlide */,
				675BC8701EE64C1A007BAD4D /* AppDelegate.h */,
				675BC8711EE64C1A007BAD4D /* AppDelegate.m */,
				675BC8881EE64F0E007BAD4D /* MainViewController.h */,
				675BC8891EE64F0E007BAD4D /* MainViewController.m */,
				675BC8931EE6AEE2007BAD4D /* LeftViewController.h */,
				675BC8941EE6AEE2007BAD4D /* LeftViewController.m */,
				675BC88E1EE6A9C6007BAD4D /* NextViewController.h */,
				675BC88F1EE6A9C6007BAD4D /* NextViewController.m */,
				675BC8791EE64C1A007BAD4D /* Assets.xcassets */,
				675BC87B1EE64C1A007BAD4D /* LaunchScreen.storyboard */,
				675BC87E1EE64C1A007BAD4D /* Info.plist */,
				675BC86D1EE64C1A007BAD4D /* Supporting Files */,
			);
			path = CKLeftSlideDemo;
			sourceTree = "<group>";
		};
		675BC86D1EE64C1A007BAD4D /* Supporting Files */ = {
			isa = PBXGroup;
			children = (
				675BC86E1EE64C1A007BAD4D /* main.m */,
				675BC89B1EE6B2B3007BAD4D /* images */,
			);
			name = "Supporting Files";
			sourceTree = "<group>";
		};
		675BC8841EE64C3B007BAD4D /* CKLeftSlide */ = {
			isa = PBXGroup;
			children = (
				675BC8851EE64C82007BAD4D /* CKLeftSlideViewController.h */,
				675BC8861EE64C82007BAD4D /* CKLeftSlideViewController.m */,
			);
			name = CKLeftSlide;
			path = ../../CKLeftSlide;
			sourceTree = "<group>";
		};
		675BC89B1EE6B2B3007BAD4D /* images */ = {
			isa = PBXGroup;
			children = (
				675760601EE7996000ABE50A /* leftImage.jpg */,
				675760641EE7A84100ABE50A /* mainImage.jpg */,
				675760621EE7A6C800ABE50A /* 菜单@3x.png */,
			);
			name = images;
			sourceTree = "<group>";
		};
/* End PBXGroup section */

/* Begin PBXNativeTarget section */
		675BC8691EE64C1A007BAD4D /* CKLeftSlideDemo */ = {
			isa = PBXNativeTarget;
			buildConfigurationList = 675BC8811EE64C1A007BAD4D /* Build configuration list for PBXNativeTarget "CKLeftSlideDemo" */;
			buildPhases = (
				675BC8661EE64C1A007BAD4D /* Sources */,
				675BC8671EE64C1A007BAD4D /* Frameworks */,
				675BC8681EE64C1A007BAD4D /* Resources */,
			);
			buildRules = (
			);
			dependencies = (
			);
			name = CKLeftSlideDemo;
			productName = CKLeftSlideDemo;
			productReference = 675BC86A1EE64C1A007BAD4D /* CKLeftSlideDemo.app */;
			productType = "com.apple.product-type.application";
		};
/* End PBXNativeTarget section */

/* Begin PBXProject section */
		675BC8621EE64C1A007BAD4D /* Project object */ = {
			isa = PBXProject;
			attributes = {
				LastUpgradeCheck = 0830;
				ORGANIZATIONNAME = caike;
				TargetAttributes = {
					675BC8691EE64C1A007BAD4D = {
						CreatedOnToolsVersion = 8.3.2;
						DevelopmentTeam = U5S4SZQP26;
						ProvisioningStyle = Automatic;
					};
				};
			};
			buildConfigurationList = 675BC8651EE64C1A007BAD4D /* Build configuration list for PBXProject "CKLeftSlideDemo" */;
			compatibilityVersion = "Xcode 3.2";
			developmentRegion = English;
			hasScannedForEncodings = 0;
			knownRegions = (
				en,
				Base,
			);
			mainGroup = 675BC8611EE64C1A007BAD4D;
			productRefGroup = 675BC86B1EE64C1A007BAD4D /* Products */;
			projectDirPath = "";
			projectRoot = "";
			targets = (
				675BC8691EE64C1A007BAD4D /* CKLeftSlideDemo */,
			);
		};
/* End PBXProject section */

/* Begin PBXResourcesBuildPhase section */
		675BC8681EE64C1A007BAD4D /* Resources */ = {
			isa = PBXResourcesBuildPhase;
			buildActionMask = 2147483647;
			files = (
				675BC87D1EE64C1A007BAD4D /* LaunchScreen.storyboard in Resources */,
				675760651EE7A84100ABE50A /* mainImage.jpg in Resources */,
				675760611EE7996000ABE50A /* leftImage.jpg in Resources */,
				675760631EE7A6C800ABE50A /* 菜单@3x.png in Resources */,
				675BC87A1EE64C1A007BAD4D /* Assets.xcassets in Resources */,
			);
			runOnlyForDeploymentPostprocessing = 0;
		};
/* End PBXResourcesBuildPhase section */

/* Begin PBXSourcesBuildPhase section */
		675BC8661EE64C1A007BAD4D /* Sources */ = {
			isa = PBXSourcesBuildPhase;
			buildActionMask = 2147483647;
			files = (
				675BC8721EE64C1A007BAD4D /* AppDelegate.m in Sources */,
				675BC8901EE6A9C6007BAD4D /* NextViewController.m in Sources */,
				675BC86F1EE64C1A007BAD4D /* main.m in Sources */,
				675BC8961EE6AEE2007BAD4D /* LeftViewController.m in Sources */,
				675BC88A1EE64F0E007BAD4D /* MainViewController.m in Sources */,
				675BC8871EE64C82007BAD4D /* CKLeftSlideViewController.m in Sources */,
			);
			runOnlyForDeploymentPostprocessing = 0;
		};
/* End PBXSourcesBuildPhase section */

/* Begin PBXVariantGroup section */
		675BC87B1EE64C1A007BAD4D /* LaunchScreen.storyboard */ = {
			isa = PBXVariantGroup;
			children = (
				675BC87C1EE64C1A007BAD4D /* Base */,
			);
			name = LaunchScreen.storyboard;
			sourceTree = "<group>";
		};
/* End PBXVariantGroup section */

/* Begin XCBuildConfiguration section */
		675BC87F1EE64C1A007BAD4D /* Debug */ = {
			isa = XCBuildConfiguration;
			buildSettings = {
				ALWAYS_SEARCH_USER_PATHS = NO;
				CLANG_ANALYZER_NONNULL = YES;
				CLANG_ANALYZER_NUMBER_OBJECT_CONVERSION = YES_AGGRESSIVE;
				CLANG_CXX_LANGUAGE_STANDARD = "gnu++0x";
				CLANG_CXX_LIBRARY = "libc++";
				CLANG_ENABLE_MODULES = YES;
				CLANG_ENABLE_OBJC_ARC = YES;
				CLANG_WARN_BOOL_CONVERSION = YES;
				CLANG_WARN_CONSTANT_CONVERSION = YES;
				CLANG_WARN_DIRECT_OBJC_ISA_USAGE = YES_ERROR;
				CLANG_WARN_DOCUMENTATION_COMMENTS = YES;
				CLANG_WARN_EMPTY_BODY = YES;
				CLANG_WARN_ENUM_CONVERSION = YES;
				CLANG_WARN_INFINITE_RECURSION = YES;
				CLANG_WARN_INT_CONVERSION = YES;
				CLANG_WARN_OBJC_ROOT_CLASS = YES_ERROR;
				CLANG_WARN_SUSPICIOUS_MOVE = YES;
				CLANG_WARN_UNREACHABLE_CODE = YES;
				CLANG_WARN__DUPLICATE_METHOD_MATCH = YES;
				"CODE_SIGN_IDENTITY[sdk=iphoneos*]" = "iPhone Developer";
				COPY_PHASE_STRIP = NO;
				DEBUG_INFORMATION_FORMAT = dwarf;
				ENABLE_STRICT_OBJC_MSGSEND = YES;
				ENABLE_TESTABILITY = YES;
				GCC_C_LANGUAGE_STANDARD = gnu99;
				GCC_DYNAMIC_NO_PIC = NO;
				GCC_NO_COMMON_BLOCKS = YES;
				GCC_OPTIMIZATION_LEVEL = 0;
				GCC_PREPROCESSOR_DEFINITIONS = (
					"DEBUG=1",
					"$(inherited)",
				);
				GCC_WARN_64_TO_32_BIT_CONVERSION = YES;
				GCC_WARN_ABOUT_RETURN_TYPE = YES_ERROR;
				GCC_WARN_UNDECLARED_SELECTOR = YES;
				GCC_WARN_UNINITIALIZED_AUTOS = YES_AGGRESSIVE;
				GCC_WARN_UNUSED_FUNCTION = YES;
				GCC_WARN_UNUSED_VARIABLE = YES;
				IPHONEOS_DEPLOYMENT_TARGET = 10.3;
				MTL_ENABLE_DEBUG_INFO = YES;
				ONLY_ACTIVE_ARCH = YES;
				SDKROOT = iphoneos;
			};
			name = Debug;
		};
		675BC8801EE64C1A007BAD4D /* Release */ = {
			isa = XCBuildConfiguration;
			buildSettings = {
				ALWAYS_SEARCH_USER_PATHS = NO;
				CLANG_ANALYZER_NONNULL = YES;
				CLANG_ANALYZER_NUMBER_OBJECT_CONVERSION = YES_AGGRESSIVE;
				CLANG_CXX_LANGUAGE_STANDARD = "gnu++0x";
				CLANG_CXX_LIBRARY = "libc++";
				CLANG_ENABLE_MODULES = YES;
				CLANG_ENABLE_OBJC_ARC = YES;
				CLANG_WARN_BOOL_CONVERSION = YES;
				CLANG_WARN_CONSTANT_CONVERSION = YES;
				CLANG_WARN_DIRECT_OBJC_ISA_USAGE = YES_ERROR;
				CLANG_WARN_DOCUMENTATION_COMMENTS = YES;
				CLANG_WARN_EMPTY_BODY = YES;
				CLANG_WARN_ENUM_CONVERSION = YES;
				CLANG_WARN_INFINITE_RECURSION = YES;
				CLANG_WARN_INT_CONVERSION = YES;
				CLANG_WARN_OBJC_ROOT_CLASS = YES_ERROR;
				CLANG_WARN_SUSPICIOUS_MOVE = YES;
				CLANG_WARN_UNREACHABLE_CODE = YES;
				CLANG_WARN__DUPLICATE_METHOD_MATCH = YES;
				"CODE_SIGN_IDENTITY[sdk=iphoneos*]" = "iPhone Developer";
				COPY_PHASE_STRIP = NO;
				DEBUG_INFORMATION_FORMAT = "dwarf-with-dsym";
				ENABLE_NS_ASSERTIONS = NO;
				ENABLE_STRICT_OBJC_MSGSEND = YES;
				GCC_C_LANGUAGE_STANDARD = gnu99;
				GCC_NO_COMMON_BLOCKS = YES;
				GCC_WARN_64_TO_32_BIT_CONVERSION = YES;
				GCC_WARN_ABOUT_RETURN_TYPE = YES_ERROR;
				GCC_WARN_UNDECLARED_SELECTOR = YES;
				GCC_WARN_UNINITIALIZED_AUTOS = YES_AGGRESSIVE;
				GCC_WARN_UNUSED_FUNCTION = YES;
				GCC_WARN_UNUSED_VARIABLE = YES;
				IPHONEOS_DEPLOYMENT_TARGET = 10.3;
				MTL_ENABLE_DEBUG_INFO = NO;
				SDKROOT = iphoneos;
				VALIDATE_PRODUCT = YES;
			};
			name = Release;
		};
		675BC8821EE64C1A007BAD4D /* Debug */ = {
			isa = XCBuildConfiguration;
			buildSettings = {
				ASSETCATALOG_COMPILER_APPICON_NAME = AppIcon;
				DEVELOPMENT_TEAM = U5S4SZQP26;
				INFOPLIST_FILE = CKLeftSlideDemo/Info.plist;
				IPHONEOS_DEPLOYMENT_TARGET = 8.0;
				LD_RUNPATH_SEARCH_PATHS = "$(inherited) @executable_path/Frameworks";
				PRODUCT_BUNDLE_IDENTIFIER = com.caidake.CKLeftSlideDemo;
				PRODUCT_NAME = "$(TARGET_NAME)";
			};
			name = Debug;
		};
		675BC8831EE64C1A007BAD4D /* Release */ = {
			isa = XCBuildConfiguration;
			buildSettings = {
				ASSETCATALOG_COMPILER_APPICON_NAME = AppIcon;
				DEVELOPMENT_TEAM = U5S4SZQP26;
				INFOPLIST_FILE = CKLeftSlideDemo/Info.plist;
				IPHONEOS_DEPLOYMENT_TARGET = 8.0;
				LD_RUNPATH_SEARCH_PATHS = "$(inherited) @executable_path/Frameworks";
				PRODUCT_BUNDLE_IDENTIFIER = com.caidake.CKLeftSlideDemo;
				PRODUCT_NAME = "$(TARGET_NAME)";
			};
			name = Release;
		};
/* End XCBuildConfiguration section */

/* Begin XCConfigurationList section */
		675BC8651EE64C1A007BAD4D /* Build configuration list for PBXProject "CKLeftSlideDemo" */ = {
			isa = XCConfigurationList;
			buildConfigurations = (
				675BC87F1EE64C1A007BAD4D /* Debug */,
				675BC8801EE64C1A007BAD4D /* Release */,
			);
			defaultConfigurationIsVisible = 0;
			defaultConfigurationName = Release;
		};
		675BC8811EE64C1A007BAD4D /* Build configuration list for PBXNativeTarget "CKLeftSlideDemo" */ = {
			isa = XCConfigurationList;
			buildConfigurations = (
				675BC8821EE64C1A007BAD4D /* Debug */,
				675BC8831EE64C1A007BAD4D /* Release */,
			);
			defaultConfigurationIsVisible = 0;
			defaultConfigurationName = Release;
		};
/* End XCConfigurationList section */
	};
	rootObject = 675BC8621EE64C1A007BAD4D /* Project object */;
}
